
Microsoft Visual Studio Solution File, Format Version 12.00
# Visual Studio 15
VisualStudioVersion = 15.0.27130.2027
MinimumVisualStudioVersion = 10.0.40219.1
Project("{FAE04EC0-301F-11D3-BF4B-00C04F79EFBC}") = "OdinSerializer", "OdinSerializer\OdinSerializer.csproj", "{F1111936-6086-412C-AB26-D7D8D3448A2A}"
EndProject
Global
	GlobalSection(SolutionConfigurationPlatforms) = preSolution
		ReleaseGodot|Any CPU = ReleaseGodot|Any CPU
		DebugUnity|Any CPU = DebugUnity|Any CPU
		ReleaseUnity|Any CPU = ReleaseUnity|Any CPU
		DebugGodot|Any CPU = DebugGodot|Any CPU
	EndGlobalSection
	GlobalSection(ProjectConfigurationPlatforms) = postSolution
		{F1111936-6086-412C-AB26-D7D8D3448A2A}.ReleaseGodot|Any CPU.ActiveCfg = ReleaseGodot|Any CPU
		{F1111936-6086-412C-AB26-D7D8D3448A2A}.ReleaseGodot|Any CPU.Build.0 = ReleaseGodot|Any CPU
		{F1111936-6086-412C-AB26-D7D8D3448A2A}.DebugUnity|Any CPU.ActiveCfg = DebugUnity|Any CPU
		{F1111936-6086-412C-AB26-D7D8D3448A2A}.DebugUnity|Any CPU.Build.0 = DebugUnity|Any CPU
		{F1111936-6086-412C-AB26-D7D8D3448A2A}.ReleaseUnity|Any CPU.ActiveCfg = ReleaseUnity|Any CPU
		{F1111936-6086-412C-AB26-D7D8D3448A2A}.ReleaseUnity|Any CPU.Build.0 = ReleaseUnity|Any CPU
		{F1111936-6086-412C-AB26-D7D8D3448A2A}.DebugGodot|Any CPU.ActiveCfg = DebugGodot|Any CPU
		{F1111936-6086-412C-AB26-D7D8D3448A2A}.DebugGodot|Any CPU.Build.0 = DebugGodot|Any CPU
	EndGlobalSection
EndGlobal
